schema: '2.0'
stages:
  data_collection:
    cmd: python src/data/data_collection.py
    deps:
    - path: src/data/data_collection.py
      hash: md5
      md5: af94c392255ab56eca54b962b6d4adec
      size: 2021
    params:
      params.yaml:
        data_collection.test_size: 0.2
    outs:
    - path: data/raw
      hash: md5
      md5: c0c2d65c14a603e91e029fda3c344a5c.dir
      size: 522262
      nfiles: 2
  pre_processing:
    cmd: python src/data/data_prep.py
    deps:
    - path: data/raw
      hash: md5
      md5: c0c2d65c14a603e91e029fda3c344a5c.dir
      size: 522262
      nfiles: 2
    - path: src/data/data_prep.py
      hash: md5
      md5: d3cfcacef550ddf934f79aa7db59d424
      size: 1918
    outs:
    - path: data/processed
      hash: md5
      md5: 7fb4843f8897510555551280d71e7949.dir
      size: 546137
      nfiles: 2
  model_building:
    cmd: python src/model/model_building.py
    deps:
    - path: data/processed
      hash: md5
      md5: 7fb4843f8897510555551280d71e7949.dir
      size: 546137
      nfiles: 2
    - path: src/model/model_building.py
      hash: md5
      md5: 57e0ad4a27da5f994761ba3f0a283fd7
      size: 2538
    params:
      params.yaml:
        model_building.n_estimators: 500
    outs:
    - path: models/model.pkl
      hash: md5
      md5: 8d441b81074673a961cdc72366de6a06
      size: 36820787
  model_eval:
    cmd: python src/model/model_eval.py
    deps:
    - path: models/model.pkl
      hash: md5
      md5: 8d441b81074673a961cdc72366de6a06
      size: 36820787
    - path: src/model/model_eval.py
      hash: md5
      md5: 77a595a1a9bb451c5cab497a0bb9ee5a
      size: 3158
    outs:
    - path: reports/metrics.json
      hash: md5
      md5: b5ee34be71c5e4e11e33a4b3911272d1
      size: 146
